{
  "name": "mooseapps-site",
  "version": "1.0.0",
  "lockfileVersion": 3,
  "requires": true,
  "packages": {
    "": {
      "name": "mooseapps-site",
      "version": "1.0.0",
      "private": true,
      "dependencies": {
        "astro": "^4.15.0",
        "@astrojs/tailwind": "^5.1.0"
      }
    }
  }
}
